Microsoft Visual Studio Solution File, Format Version 12.00
# Visual Studio Version 17
VisualStudioVersion = 17.5.2.0
MinimumVisualStudioVersion = 10.0.40219.1
Project("{FAE04EC0-301F-11D3-BF4B-00C04F79EFBC}") = "FireForest", "FireForest.csproj", "{D27E80FD-1ABB-974F-2D26-5949604441BE}"
EndProject
Global
	GlobalSection(SolutionConfigurationPlatforms) = preSolution
		Debug|Any CPU = Debug|Any CPU
		Release|Any CPU = Release|Any CPU
	EndGlobalSection
	GlobalSection(ProjectConfigurationPlatforms) = postSolution
		{D27E80FD-1ABB-974F-2D26-5949604441BE}.Debug|Any CPU.ActiveCfg = Debug|Any CPU
		{D27E80FD-1ABB-974F-2D26-5949604441BE}.Debug|Any CPU.Build.0 = Debug|Any CPU
		{D27E80FD-1ABB-974F-2D26-5949604441BE}.Release|Any CPU.ActiveCfg = Release|Any CPU
		{D27E80FD-1ABB-974F-2D26-5949604441BE}.Release|Any CPU.Build.0 = Release|Any CPU
	EndGlobalSection
	GlobalSection(SolutionProperties) = preSolution
		HideSolutionNode = FALSE
	EndGlobalSection
	GlobalSection(ExtensibilityGlobals) = postSolution
		SolutionGuid = {15F22449-CE86-4523-8C16-35E9E7F06B5F}
	EndGlobalSection
EndGlobal
